apiVersion: vendir.k14s.io/v1alpha1
directories:
- contents:
  - githubRelease:
      tag: v2.10.6
      url: https://api.github.com/repos/argoproj/argo-cd/releases/149868333
    path: .
  path: packages/argocd/v2.10.6/bin
- contents:
  - githubRelease:
      tag: v0.19.1
      url: https://api.github.com/repos/google/go-containerregistry/releases/146627729
    path: .
  path: packages/crane/v0.19.1/bin
kind: LockConfig
